<?xml version="1.0" encoding="utf-8"?>
<Project ToolsVersion="4.0" xmlns="http://schemas.microsoft.com/developer/msbuild/2003">
  <ItemGroup>
    <Filter Include="Source Files">
      <UniqueIdentifier>{4FC737F1-C7A5-4376-A066-2A32D752A2FF}</UniqueIdentifier>
      <Extensions>cpp;c;cc;cxx;def;odl;idl;hpj;bat;asm;asmx</Extensions>
    </Filter>
    <Filter Include="Header Files">
      <UniqueIdentifier>{93995380-89BD-4b04-88EB-625FBE52EBFB}</UniqueIdentifier>
      <Extensions>h;hh;hpp;hxx;hm;inl;inc;xsd</Extensions>
    </Filter>
    <Filter Include="Resource Files">
      <UniqueIdentifier>{67DA6AB6-F800-4c08-8B7A-83BB121AAD01}</UniqueIdentifier>
      <Extensions>rc;ico;cur;bmp;dlg;rc2;rct;bin;rgs;gif;jpg;jpeg;jpe;resx;tiff;tif;png;wav;mfcribbon-ms</Extensions>
    </Filter>
    <Filter Include="Resource Files\Player_Models">
      <UniqueIdentifier>{bc90323a-f4ee-4f7f-97a5-8e922be9ce33}</UniqueIdentifier>
    </Filter>
    <Filter Include="Resource Files\Background_Models">
      <UniqueIdentifier>{21f7fa58-c7a5-4eec-a2fa-eba5cfb16c62}</UniqueIdentifier>
    </Filter>
    <Filter Include="Resource Files\Map_Models">
      <UniqueIdentifier>{69efcea1-932a-4d0f-82ce-eb9448e5f849}</UniqueIdentifier>
    </Filter>
  </ItemGroup>
  <ItemGroup>
    <ClCompile Include="..\source\main.cpp">
      <Filter>Source Files</Filter>
    </ClCompile>
    <ClCompile Include="..\source\game.cpp">
      <Filter>Source Files</Filter>
    </ClCompile>
    <ClCompile Include="..\source\map.cpp">
      <Filter>Source Files</Filter>
    </ClCompile>
    <ClCompile Include="..\source\npc.cpp">
      <Filter>Source Files</Filter>
    </ClCompile>
    <ClCompile Include="..\source\player.cpp">
      <Filter>Source Files</Filter>
    </ClCompile>
  </ItemGroup>
  <ItemGroup>
    <ResourceCompile Include="..\source\res.rc">
      <Filter>Resource Files</Filter>
    </ResourceCompile>
  </ItemGroup>
  <ItemGroup>
    <ClInclude Include="..\source\res.h">
      <Filter>Header Files</Filter>
    </ClInclude>
    <ClInclude Include="..\source\game.h">
      <Filter>Header Files</Filter>
    </ClInclude>
    <ClInclude Include="..\source\map.h">
      <Filter>Header Files</Filter>
    </ClInclude>
    <ClInclude Include="..\source\npc.h">
      <Filter>Header Files</Filter>
    </ClInclude>
    <ClInclude Include="..\source\player.h">
      <Filter>Header Files</Filter>
    </ClInclude>
    <ClInclude Include="..\source\functions.h">
      <Filter>Header Files</Filter>
    </ClInclude>
    <ClInclude Include="..\source\dialogs.h">
      <Filter>Header Files</Filter>
    </ClInclude>
  </ItemGroup>
  <ItemGroup>
    <Image Include="..\resource\Player2w.bmp">
      <Filter>Resource Files\Player_Models</Filter>
    </Image>
    <Image Include="..\resource\Player.bmp">
      <Filter>Resource Files\Player_Models</Filter>
    </Image>
    <Image Include="..\resource\Player1.bmp">
      <Filter>Resource Files\Player_Models</Filter>
    </Image>
    <Image Include="..\resource\Player1e.bmp">
      <Filter>Resource Files\Player_Models</Filter>
    </Image>
    <Image Include="..\resource\Player1n.bmp">
      <Filter>Resource Files\Player_Models</Filter>
    </Image>
    <Image Include="..\resource\Player1s.bmp">
      <Filter>Resource Files\Player_Models</Filter>
    </Image>
    <Image Include="..\resource\Player1w.bmp">
      <Filter>Resource Files\Player_Models</Filter>
    </Image>
    <Image Include="..\resource\Player2.bmp">
      <Filter>Resource Files\Player_Models</Filter>
    </Image>
    <Image Include="..\resource\Player2e.bmp">
      <Filter>Resource Files\Player_Models</Filter>
    </Image>
    <Image Include="..\resource\Player2n.bmp">
      <Filter>Resource Files\Player_Models</Filter>
    </Image>
    <Image Include="..\resource\Player2s.bmp">
      <Filter>Resource Files\Player_Models</Filter>
    </Image>
    <Image Include="..\resource\Controls.bmp">
      <Filter>Resource Files\Background_Models</Filter>
    </Image>
    <Image Include="..\source\resource\Controls.bmp">
      <Filter>Resource Files\Background_Models</Filter>
    </Image>
    <Image Include="G:\OWIECZKA\resource\Menu.bmp">
      <Filter>Resource Files\Background_Models</Filter>
    </Image>
    <Image Include="..\resource\Menu.bmp">
      <Filter>Resource Files\Background_Models</Filter>
    </Image>
    <Image Include="resource\Menu.bmp">
      <Filter>Resource Files\Background_Models</Filter>
    </Image>
    <Image Include="..\resource\MenuPlayer.bmp">
      <Filter>Resource Files\Background_Models</Filter>
    </Image>
    <Image Include="..\source\resource\MenuPlayer.bmp">
      <Filter>Resource Files\Background_Models</Filter>
    </Image>
    <Image Include="..\resource\rock29x29.bmp">
      <Filter>Resource Files\Map_Models</Filter>
    </Image>
    <Image Include="..\resource\bitmap1.bmp">
      <Filter>Resource Files\Map_Models</Filter>
    </Image>
    <Image Include="..\resource\Board.bmp">
      <Filter>Resource Files\Map_Models</Filter>
    </Image>
    <Image Include="..\source\resource\Board.bmp">
      <Filter>Resource Files\Map_Models</Filter>
    </Image>
    <Image Include="..\source\icon1.ico">
      <Filter>Resource Files\Map_Models</Filter>
    </Image>
    <Image Include="..\resource\Map_Models\Board.bmp">
      <Filter>Resource Files</Filter>
    </Image>
    <Image Include="..\resource\Background_Models\Menu.bmp">
      <Filter>Resource Files</Filter>
    </Image>
    <Image Include="..\resource\Background_Models\MenuPlayer.bmp">
      <Filter>Resource Files</Filter>
    </Image>
    <Image Include="..\resource\Background_Models\Controls.bmp">
      <Filter>Resource Files</Filter>
    </Image>
    <Image Include="..\resource\Player_Models\Player1.bmp">
      <Filter>Resource Files</Filter>
    </Image>
    <Image Include="..\resource\Player_Models\Player2.bmp">
      <Filter>Resource Files</Filter>
    </Image>
    <Image Include="..\resource\Player_Models\Player1e.bmp">
      <Filter>Resource Files</Filter>
    </Image>
    <Image Include="..\resource\Player_Models\Player1n.bmp">
      <Filter>Resource Files</Filter>
    </Image>
    <Image Include="..\resource\Player_Models\Player1s.bmp">
      <Filter>Resource Files</Filter>
    </Image>
    <Image Include="..\resource\Player_Models\Player1w.bmp">
      <Filter>Resource Files</Filter>
    </Image>
    <Image Include="..\resource\Player_Models\Player2e.bmp">
      <Filter>Resource Files</Filter>
    </Image>
    <Image Include="..\resource\Player_Models\Player2n.bmp">
      <Filter>Resource Files</Filter>
    </Image>
    <Image Include="..\resource\Player_Models\Player2s.bmp">
      <Filter>Resource Files</Filter>
    </Image>
    <Image Include="..\resource\Player_Models\Player2w.bmp">
      <Filter>Resource Files</Filter>
    </Image>
  </ItemGroup>
</Project>